<?xml version="1.0" encoding="utf-8"?>
<Project ToolsVersion="4.0" xmlns="http://schemas.microsoft.com/developer/msbuild/2003">
  <ItemGroup>
    <Filter Include="Engine">
      <UniqueIdentifier>{a8ead1bc-7bab-45b7-8d25-e4349c96cc8f}</UniqueIdentifier>
    </Filter>
    <Filter Include="Engine\Asset">
      <UniqueIdentifier>{de13146e-d33a-464b-b611-1d25b7cd6375}</UniqueIdentifier>
    </Filter>
    <Filter Include="Engine\Manager">
      <UniqueIdentifier>{ce7063a9-9df0-4213-a97d-b2a586e51210}</UniqueIdentifier>
    </Filter>
    <Filter Include="Engine\Library">
      <UniqueIdentifier>{c6382437-c968-4e79-90c2-b270de0fa461}</UniqueIdentifier>
    </Filter>
  </ItemGroup>
  <ItemGroup>
    <ClCompile Include="Main.cpp">
      <Filter>Engine</Filter>
    </ClCompile>
  </ItemGroup>
  <ItemGroup>
    <ClInclude Include="Engine.h">
      <Filter>Engine</Filter>
    </ClInclude>
  </ItemGroup>
</Project>